apiVersion: security.kube-zen.io/v1alpha1
kind: ZenLock
metadata:
  name: jira-credentials
  namespace: zen-brain
spec:
  allowedSubjects:
    - kind: ServiceAccount
      name: foreman
      namespace: zen-brain
  encryptedData:
    JIRA_URL: "YWdlLWVuY3J5cHRpb24ub3JnL3YxCi0+IFgyNTUxOSBhNG5TUXFhL0NqcVRzTXJQa08rOWdrWks5aG9acEtrVVVhWUFITVhocGo0CmxqVzhBV3NNL1RMSTZ2MFcxMmVJT1o5dHpQb2NSNkY4WHR6eXRrVzRPUTQKLS0tICtnVm91U3NMaDY0YnJ2MndQSkdXMWpPNVBTdzFGZUU5OTBXYUhVQ0p0ZTQKVqKVoC/Mr1pvJMulEvKhEVWitBX5mp9GdGRLChqs/aVfFk3wM4wuxHii1btJjZNbBFSx8euilZz3tXSyiJs="
    JIRA_EMAIL: "YWdlLWVuY3J5cHRpb24ub3JnL3YxCi0+IFgyNTUxOSBJTTVKYTJqakxGQmtqUU5uTENaU0trQ21zVnRnT2hpall2allLK0RKOXdNCnVzSUZTV3RXVXI4TUNrYkFxSnJMVlgvbld6TkdXQzhEVDZZcWExbFp4T2MKLS0tIEQ2dnRRV2xxOXh6TFhXbjZIaTRzWGxmcHdyOXdpRGdnS3RWUi8vcEhmalEK+Z41WEHIoONdo6A6ggKvamTOdEeNcE9UIoHh05KmqqvTBjbwsxbNNGL8O+YHTv8="
    JIRA_API_TOKEN: "YWdlLWVuY3J5cHRpb24ub3JnL3YxCi0+IFgyNTUxOSAvMzVuVTF5L0FFWUY2dEY1V2JkUzExdE82ZkFEYjZiV0xJb2Z3NVBBRGtFCktvcUpGNExJVnA0RXc4MU95MktHOVdxcklSSm40SW4zeUxaekRDOFlhRFkKLS0tIDhTZDRVTlB4UlZqWml2eXUwWFRJYytDZ0tsemlXdXVkVTJFd0E0ejlwa1UKrVuCmsqM5LbeQn46eIgqDBK+TdybGrCbh/7yqHdD3oqzlINF+8wfSghX6VBZ77ZKVOsoTyrt9NP4quqk/afOGs49ayPkLPTLrwIgVb9fZw4AOGzYTSOqQqjLlY5YUzlRWTos49af9bBoNKqEyPNqdXwkbP+6jHZA49S8W83WpPozyFOuJEYzQl0kcSecKJ/Jg/Ddi/VkxoSGcc4Ps5CqXFnk53SWTZjGjRB91d0JGbjaX5WXf6gmU11Oeu7R31TMh2ukaWVe3ZvqJ6MyJBZBtppBtlR6jgFDWeQwL8ZuKE4="
    JIRA_PROJECT_KEY: "YWdlLWVuY3J5cHRpb24ub3JnL3YxCi0+IFgyNTUxOSBNOG5zdWVhS1dISFdRcE12a2ZsYjl3NGdEaTk2VS9iVU9hUDdvNVFrU0FJClNTS2RlYjV4cGJmWVNPNkJaWUFCVTVSSWtnbEk5ZjBqYitLT0tzdnJYa2sKLS0tIDdzMU16MU9VM1N2UGF2bTRGZWEvWTU3cVMwZzl1cWZ2ZmEyc0IxYVVGQW8K9GMFPVkZ++2ZmpvmJTcG9Fx6AX9UbyllaLnwbxAXt7nAAQ=="
