apiVersion: security.kube-zen.io/v1alpha1
kind: ZenLock
metadata:
  name: jira-credentials
  namespace: zen-brain
spec:
  allowedSubjects:
    - kind: ServiceAccount
      name: foreman
      namespace: zen-brain
  encryptedData:
    JIRA_URL: "YWdlLWVuY3J5cHRpb24ub3JnL3YxCi0+IFgyNTUxOSA0MXovTG9vK01maGdWWjBuN3kzUU5CWkRFdjVKZjEvRHVNekRWUXhLTWlBClRXbEFzd1hVWHo2QmVqcm1tV0dMTGN3ZnBoa0FVQXVDSEFXZldGdkFJckUKLS0tIDhWSCtDVnVIcXdwOFZPc2Z6K3N3bkg4aXEvZE43M3R5cXo3bmxKQUFlUkEKq2YueTF6Osb7KHYgOtFoMOHRBdJVfDAYwMFVbb8B5NICQYaoOoKR5XT8UdnxSj+sGnvsxeHjkf9ZSAlLuYo="
    JIRA_EMAIL: "YWdlLWVuY3J5cHRpb24ub3JnL3YxCi0+IFgyNTUxOSBzdlMyZHRjb0lLcm5SQ0RiWWJweUZEYVRXTVhnbi9Ld1dqNkFqZzl0MHlvCmdWbW56bXZ6aXJzeXI4TXBKMkMrMVVNckp5TEFpZ2VDT2NnRmlFNzZHNEEKLS0tIENIa2RyNUl3KzFXS0tOcGhwOXdnelFBc0w4Mkw4b0Z5MUZjS3RKMWRkeEEKjL+F0GdpaxvZxUXUyn0ifYt7QgHDUcvIlexb8r21L7xu/3hRuSKeyG+JkHGlMS4="
    JIRA_API_TOKEN: "YWdlLWVuY3J5cHRpb24ub3JnL3YxCi0+IFgyNTUxOSAxd3UvS2txSXd2c0hpV2VaRG9Nd29uekdOMWNvRkZlZE9xc0lUMWh6SlFFCnBGK2lQQnZ2REFzZ0lIM2R6TjM5WG1qTXZLYzhta2N3TGVvUTJqTUpUSFkKLS0tIHRhTTJNNkpvbEFKQmR6T2ltbkF0bG1WRlNjekpTeGZYaWpubDRZSnRKYVkKri3hVyz4CMOcGRQ0VaSC/25H4iOuisVangab9Let5misA/dOdXBOjWzk3gPkp7pjvipq/HEYHkUDYllcKucJiZl2GxJad4tyJyPq6YFsErAAnC6gkPuEGaklPGIYeEi05qhwjd6q1LAyxf+UA8uKukfpL49gKSC80gQJq0NddhhPeArAU6YGwT1Zu+vW2bgRned2g8c/6kPdxDLGbT/P6Vj6+jJlRggusNbcJKp1froPN350ZcSdBrhkfuBVqbmweKu3uMxTZq4jvXTmsiL5Qu8Byhw6YATNVulbRIKDuho="
    JIRA_PROJECT_KEY: "YWdlLWVuY3J5cHRpb24ub3JnL3YxCi0+IFgyNTUxOSBBYlkxV1A4TzdtYmxKM1oxYVZlcjBpa3R1UU9xU2ZSU1ZPY01Bc3pwVWhJCnoyalllblM3bTYrellINGoxMjhOS2ljaGR2WG1BZ3lMQWgxVE9vb2pkSGsKLS0tIGxUN00zVVZQL0M3MUxFcTEwRStCZkFxdjcyWnJmOTNWV1BSRitsellsWXMKRRP/AaxQE6TIwuQhAaIn1FoZIbNhU1eQBH1lclp2SbxDYw=="
