apiVersion: security.kube-zen.io/v1alpha1
kind: ZenLock
metadata:
  name: jira-credentials
  namespace: zen-brain
spec:
  allowedSubjects:
    - kind: ServiceAccount
      name: foreman
      namespace: zen-brain
  encryptedData:
    JIRA_URL: "YWdlLWVuY3J5cHRpb24ub3JnL3YxCi0+IFgyNTUxOSArVXVlTFhGb0h6V0E4T1RXbUdTckRFeHVZdzFKWHJaNVRmU29iRXVkMEE0CmZoQjZ2OFVVejJUUktQL0w4OFJMZllIb1h2Vi9naW1KcER4T0tFaVlONHMKLS0tIHJZakRsRUZPVWJHRzkzb0pvNmwxWHZBZDdHVG0vSWtDUGFkd1hYam5uV2MKA72+XUV3MUH7aiXKy3prwYv9siNgL6I/tvAyEs4a/15Hbp3j4fkADuV9NATSxtihz+8OKheiXV0BKEqZdX8="
    JIRA_EMAIL: "YWdlLWVuY3J5cHRpb24ub3JnL3YxCi0+IFgyNTUxOSBkN3RpNzBxUElCbG9TMWQ2VjVzazEwV0Z3VGd5aUtxZHhLQlR6dE5zeURBCmw0czlONkFIY2tNbm9qVWNGTEZSZE5SQzhBcnlJMzZCRE9ka05TUjlsYkkKLS0tIDFvaUhLR1NncUR3SU44blc1ZEgvTGdMMzBnakNNWHA4Yy90SmxhRnZORGsKf33JgzUghv5LSH2iJ7C1tXNpJ2oY0zoR9mKf0s11a3vRLAF6IcGXGvVWrvxd6tM="
    JIRA_API_TOKEN: "YWdlLWVuY3J5cHRpb24ub3JnL3YxCi0+IFgyNTUxOSBLQmIrdHg0ZHl5WGxydFBNM0QwMWNXUmt6RDBwa2VXZDRteGNrTWlmd2o4ClZBWG53M0VLVjFrNFIxVlR6S2hTNVdsd3crcVdvRkRLa1htYTYza3crNnMKLS0tIDNDYy9HQkdLL3N3c0lnVmczWmlpK00rODhGN24vMzJhN21PaHd2eE0rQmMK65XDQnEyfjyZe7C2nKac1GSFJaj9HwwYZWvZs70dC8u3DkqTNTeIov6MhUemb2CWZAfBT5IYhd05dMTZg0S7Q/MIO0KL0iBSP+FENA0XJPdVNLZmZZVBrmvSRARs6UXCoRAINg+uA4Pupw6P/4ob1Xh9MRaA0bNNzrl5baHlHdruGe001nDQ0/DMTxzsM3Nizp77h0OwloZV5ILcDWAJZ8svdjqLFRZLkpyt4nuvy1Ruelpw4vo1OB0Vcq1EffVLP5L5OCOKQbaHSRhdT5SYu4ydAt860rR2RUD9WGOjvHA="
    JIRA_PROJECT_KEY: "YWdlLWVuY3J5cHRpb24ub3JnL3YxCi0+IFgyNTUxOSBDQTJzOGlsMjZTS2x1ejljMXJxZXRINUFydERoZWR5anV0WndHdTJVbUZ3CmRTOFZvRjJ0NllEMk8zWWI1WkNXR2dJeTMwSWFhaG8zbFFnUkg2OEFKVjAKLS0tIFRRdno5ZnEvQ0JpbVBMRXBOM00rN3ZzN2QrNDJ0Q3N2Y0k4VENGTXY2TTgK4BP4+1c6JHNtj0ukY3Nu0FvUNgrYYY/JgqmnMSPtxh8V1w=="
